
Microsoft Visual Studio Solution File, Format Version 12.00
# Visual Studio Version 16
VisualStudioVersion = 16.0.28803.202
MinimumVisualStudioVersion = 10.0.40219.1
Project("{9A19103F-16F7-4668-BE54-9A1E7A4F7556}") = "AgriculturalProductsStore.Web", "AgriculturalProductsStore.Web\AgriculturalProductsStore.Web.csproj", "{D95B2581-B22E-421A-AC21-93514D0BEEBB}"
EndProject
Project("{9A19103F-16F7-4668-BE54-9A1E7A4F7556}") = "AgriculturalProductsStore.Repository", "AgriculturalProductsStore.Repository\AgriculturalProductsStore.Repository.csproj", "{88B222BB-C071-4CB6-9E1A-174196888BEA}"
EndProject
Project("{9A19103F-16F7-4668-BE54-9A1E7A4F7556}") = "AgriculturalProductsStore.Services", "AgriculturalProductsStore.Services\AgriculturalProductsStore.Services.csproj", "{2BB53CE7-DF7C-4EBE-B93C-0468DE23D44B}"
EndProject
Project("{FAE04EC0-301F-11D3-BF4B-00C04F79EFBC}") = "AgriculturalProductsStore.Models", "AgriculturalProductsStore.Models\AgriculturalProductsStore.Models.csproj", "{FFF5A610-8210-456E-96B1-848B06322C2C}"
EndProject
Global
	GlobalSection(SolutionConfigurationPlatforms) = preSolution
		Debug|Any CPU = Debug|Any CPU
		Release|Any CPU = Release|Any CPU
	EndGlobalSection
	GlobalSection(ProjectConfigurationPlatforms) = postSolution
		{D95B2581-B22E-421A-AC21-93514D0BEEBB}.Debug|Any CPU.ActiveCfg = Debug|Any CPU
		{D95B2581-B22E-421A-AC21-93514D0BEEBB}.Debug|Any CPU.Build.0 = Debug|Any CPU
		{D95B2581-B22E-421A-AC21-93514D0BEEBB}.Release|Any CPU.ActiveCfg = Release|Any CPU
		{D95B2581-B22E-421A-AC21-93514D0BEEBB}.Release|Any CPU.Build.0 = Release|Any CPU
		{88B222BB-C071-4CB6-9E1A-174196888BEA}.Debug|Any CPU.ActiveCfg = Debug|Any CPU
		{88B222BB-C071-4CB6-9E1A-174196888BEA}.Debug|Any CPU.Build.0 = Debug|Any CPU
		{88B222BB-C071-4CB6-9E1A-174196888BEA}.Release|Any CPU.ActiveCfg = Release|Any CPU
		{88B222BB-C071-4CB6-9E1A-174196888BEA}.Release|Any CPU.Build.0 = Release|Any CPU
		{2BB53CE7-DF7C-4EBE-B93C-0468DE23D44B}.Debug|Any CPU.ActiveCfg = Debug|Any CPU
		{2BB53CE7-DF7C-4EBE-B93C-0468DE23D44B}.Debug|Any CPU.Build.0 = Debug|Any CPU
		{2BB53CE7-DF7C-4EBE-B93C-0468DE23D44B}.Release|Any CPU.ActiveCfg = Release|Any CPU
		{2BB53CE7-DF7C-4EBE-B93C-0468DE23D44B}.Release|Any CPU.Build.0 = Release|Any CPU
		{FFF5A610-8210-456E-96B1-848B06322C2C}.Debug|Any CPU.ActiveCfg = Debug|Any CPU
		{FFF5A610-8210-456E-96B1-848B06322C2C}.Debug|Any CPU.Build.0 = Debug|Any CPU
		{FFF5A610-8210-456E-96B1-848B06322C2C}.Release|Any CPU.ActiveCfg = Release|Any CPU
		{FFF5A610-8210-456E-96B1-848B06322C2C}.Release|Any CPU.Build.0 = Release|Any CPU
	EndGlobalSection
	GlobalSection(SolutionProperties) = preSolution
		HideSolutionNode = FALSE
	EndGlobalSection
	GlobalSection(ExtensibilityGlobals) = postSolution
		SolutionGuid = {01290C2F-66A0-4677-A4FB-7CBBD42405DA}
	EndGlobalSection
EndGlobal
